
Microsoft Visual Studio Solution File, Format Version 12.00
# Visual Studio Version 17
VisualStudioVersion = 17.0.32002.185
MinimumVisualStudioVersion = 10.0.40219.1
Project("{FAE04EC0-301F-11D3-BF4B-00C04F79EFBC}") = "LSD", "LSD\LSD.csproj", "{C8E25AA8-B768-4F8F-A798-DDDB41586380}"
EndProject
Global
	GlobalSection(SolutionConfigurationPlatforms) = preSolution
		Debug|Any CPU = Debug|Any CPU
		Release|Any CPU = Release|Any CPU
	EndGlobalSection
	GlobalSection(ProjectConfigurationPlatforms) = postSolution
		{C8E25AA8-B768-4F8F-A798-DDDB41586380}.Debug|Any CPU.ActiveCfg = Debug|Any CPU
		{C8E25AA8-B768-4F8F-A798-DDDB41586380}.Debug|Any CPU.Build.0 = Debug|Any CPU
		{C8E25AA8-B768-4F8F-A798-DDDB41586380}.Release|Any CPU.ActiveCfg = Release|Any CPU
		{C8E25AA8-B768-4F8F-A798-DDDB41586380}.Release|Any CPU.Build.0 = Release|Any CPU
	EndGlobalSection
	GlobalSection(SolutionProperties) = preSolution
		HideSolutionNode = FALSE
	EndGlobalSection
	GlobalSection(ExtensibilityGlobals) = postSolution
		SolutionGuid = {0712440F-307D-43AE-9673-F422D25671DC}
	EndGlobalSection
EndGlobal
